
Microsoft Visual Studio Solution File, Format Version 12.00
# Visual Studio Version 16
VisualStudioVersion = 16.0.29709.97
MinimumVisualStudioVersion = 10.0.40219.1
Project("{9A19103F-16F7-4668-BE54-9A1E7A4F7556}") = "UsersService", "UsersService\UsersService.csproj", "{40CB1C9A-C413-4627-8033-209C1855726B}"
EndProject
Project("{E53339B2-1760-4266-BCC7-CA923CBCF16C}") = "docker-compose", "docker-compose.dcproj", "{FDA89064-7BB4-495E-8F4F-75EF337506E1}"
EndProject
Project("{FAE04EC0-301F-11D3-BF4B-00C04F79EFBC}") = "UsersService.Tests", "UsersService.Tests\UsersService.Tests.csproj", "{BAF1CAEE-7EAF-4D86-9E27-B5B34CAC5AA7}"
EndProject
Global
	GlobalSection(SolutionConfigurationPlatforms) = preSolution
		Debug|Any CPU = Debug|Any CPU
		Release|Any CPU = Release|Any CPU
	EndGlobalSection
	GlobalSection(ProjectConfigurationPlatforms) = postSolution
		{40CB1C9A-C413-4627-8033-209C1855726B}.Debug|Any CPU.ActiveCfg = Debug|Any CPU
		{40CB1C9A-C413-4627-8033-209C1855726B}.Debug|Any CPU.Build.0 = Debug|Any CPU
		{40CB1C9A-C413-4627-8033-209C1855726B}.Release|Any CPU.ActiveCfg = Release|Any CPU
		{40CB1C9A-C413-4627-8033-209C1855726B}.Release|Any CPU.Build.0 = Release|Any CPU
		{FDA89064-7BB4-495E-8F4F-75EF337506E1}.Debug|Any CPU.ActiveCfg = Debug|Any CPU
		{FDA89064-7BB4-495E-8F4F-75EF337506E1}.Debug|Any CPU.Build.0 = Debug|Any CPU
		{FDA89064-7BB4-495E-8F4F-75EF337506E1}.Release|Any CPU.ActiveCfg = Release|Any CPU
		{FDA89064-7BB4-495E-8F4F-75EF337506E1}.Release|Any CPU.Build.0 = Release|Any CPU
		{BAF1CAEE-7EAF-4D86-9E27-B5B34CAC5AA7}.Debug|Any CPU.ActiveCfg = Debug|Any CPU
		{BAF1CAEE-7EAF-4D86-9E27-B5B34CAC5AA7}.Debug|Any CPU.Build.0 = Debug|Any CPU
		{BAF1CAEE-7EAF-4D86-9E27-B5B34CAC5AA7}.Release|Any CPU.ActiveCfg = Release|Any CPU
		{BAF1CAEE-7EAF-4D86-9E27-B5B34CAC5AA7}.Release|Any CPU.Build.0 = Release|Any CPU
	EndGlobalSection
	GlobalSection(SolutionProperties) = preSolution
		HideSolutionNode = FALSE
	EndGlobalSection
	GlobalSection(ExtensibilityGlobals) = postSolution
		SolutionGuid = {23354626-3E18-442E-97DE-D0E15E0375AE}
	EndGlobalSection
EndGlobal
